
Microsoft Visual Studio Solution File, Format Version 12.00
# Visual Studio 15
VisualStudioVersion = 15.0.27130.2036
MinimumVisualStudioVersion = 10.0.40219.1
Project("{8BC9CEB8-8B4A-11D0-8D11-00A0C91BC942}") = "May 29", "May 29\May 29.vcxproj", "{4FDB7674-0EC3-4EB5-8CF9-A0F73422132B}"
EndProject
Global
	GlobalSection(SolutionConfigurationPlatforms) = preSolution
		Debug|x64 = Debug|x64
		Debug|x86 = Debug|x86
		Release|x64 = Release|x64
		Release|x86 = Release|x86
	EndGlobalSection
	GlobalSection(ProjectConfigurationPlatforms) = postSolution
		{4FDB7674-0EC3-4EB5-8CF9-A0F73422132B}.Debug|x64.ActiveCfg = Debug|x64
		{4FDB7674-0EC3-4EB5-8CF9-A0F73422132B}.Debug|x64.Build.0 = Debug|x64
		{4FDB7674-0EC3-4EB5-8CF9-A0F73422132B}.Debug|x86.ActiveCfg = Debug|Win32
		{4FDB7674-0EC3-4EB5-8CF9-A0F73422132B}.Debug|x86.Build.0 = Debug|Win32
		{4FDB7674-0EC3-4EB5-8CF9-A0F73422132B}.Release|x64.ActiveCfg = Release|x64
		{4FDB7674-0EC3-4EB5-8CF9-A0F73422132B}.Release|x64.Build.0 = Release|x64
		{4FDB7674-0EC3-4EB5-8CF9-A0F73422132B}.Release|x86.ActiveCfg = Release|Win32
		{4FDB7674-0EC3-4EB5-8CF9-A0F73422132B}.Release|x86.Build.0 = Release|Win32
	EndGlobalSection
	GlobalSection(SolutionProperties) = preSolution
		HideSolutionNode = FALSE
	EndGlobalSection
	GlobalSection(ExtensibilityGlobals) = postSolution
		SolutionGuid = {2047F65A-348F-4012-A3B6-9699A60F3322}
	EndGlobalSection
EndGlobal
