
Microsoft Visual Studio Solution File, Format Version 12.00
# Visual Studio 15
VisualStudioVersion = 15.0.27130.2036
MinimumVisualStudioVersion = 10.0.40219.1
Project("{8BC9CEB8-8B4A-11D0-8D11-00A0C91BC942}") = "Mar 22 + 23", "Mar 22 + 23\Mar 22 + 23.vcxproj", "{9DC5B3DC-0FCF-40F6-8BEC-1D9A7BE6789E}"
EndProject
Global
	GlobalSection(SolutionConfigurationPlatforms) = preSolution
		Debug|x64 = Debug|x64
		Debug|x86 = Debug|x86
		Release|x64 = Release|x64
		Release|x86 = Release|x86
	EndGlobalSection
	GlobalSection(ProjectConfigurationPlatforms) = postSolution
		{9DC5B3DC-0FCF-40F6-8BEC-1D9A7BE6789E}.Debug|x64.ActiveCfg = Debug|x64
		{9DC5B3DC-0FCF-40F6-8BEC-1D9A7BE6789E}.Debug|x64.Build.0 = Debug|x64
		{9DC5B3DC-0FCF-40F6-8BEC-1D9A7BE6789E}.Debug|x86.ActiveCfg = Debug|Win32
		{9DC5B3DC-0FCF-40F6-8BEC-1D9A7BE6789E}.Debug|x86.Build.0 = Debug|Win32
		{9DC5B3DC-0FCF-40F6-8BEC-1D9A7BE6789E}.Release|x64.ActiveCfg = Release|x64
		{9DC5B3DC-0FCF-40F6-8BEC-1D9A7BE6789E}.Release|x64.Build.0 = Release|x64
		{9DC5B3DC-0FCF-40F6-8BEC-1D9A7BE6789E}.Release|x86.ActiveCfg = Release|Win32
		{9DC5B3DC-0FCF-40F6-8BEC-1D9A7BE6789E}.Release|x86.Build.0 = Release|Win32
	EndGlobalSection
	GlobalSection(SolutionProperties) = preSolution
		HideSolutionNode = FALSE
	EndGlobalSection
	GlobalSection(ExtensibilityGlobals) = postSolution
		SolutionGuid = {246EB846-5D5F-4128-95F5-9394D62DFCA6}
	EndGlobalSection
EndGlobal
